
Microsoft Visual Studio Solution File, Format Version 12.00
# Visual Studio Version 17
VisualStudioVersion = 17.5.002.0
MinimumVisualStudioVersion = 10.0.40219.1
Project("{9A19103F-16F7-4668-BE54-9A1E7A4F7556}") = "Learning03", "Learning03.csproj", "{1BC036B9-D0F6-42B9-8596-31A5EB1B942C}"
EndProject
Global
	GlobalSection(SolutionConfigurationPlatforms) = preSolution
		Debug|Any CPU = Debug|Any CPU
		Release|Any CPU = Release|Any CPU
	EndGlobalSection
	GlobalSection(ProjectConfigurationPlatforms) = postSolution
		{1BC036B9-D0F6-42B9-8596-31A5EB1B942C}.Debug|Any CPU.ActiveCfg = Debug|Any CPU
		{1BC036B9-D0F6-42B9-8596-31A5EB1B942C}.Debug|Any CPU.Build.0 = Debug|Any CPU
		{1BC036B9-D0F6-42B9-8596-31A5EB1B942C}.Release|Any CPU.ActiveCfg = Release|Any CPU
		{1BC036B9-D0F6-42B9-8596-31A5EB1B942C}.Release|Any CPU.Build.0 = Release|Any CPU
	EndGlobalSection
	GlobalSection(SolutionProperties) = preSolution
		HideSolutionNode = FALSE
	EndGlobalSection
	GlobalSection(ExtensibilityGlobals) = postSolution
		SolutionGuid = {016F1D7C-65BC-4AE6-99F7-57915E524E41}
	EndGlobalSection
EndGlobal
